
Microsoft Visual Studio Solution File, Format Version 12.00
# Visual Studio Version 17
VisualStudioVersion = 17.3.32929.385
MinimumVisualStudioVersion = 10.0.40219.1
Project("{8BC9CEB8-8B4A-11D0-8D11-00A0C91BC942}") = "Server", "Server\Server.vcxproj", "{FAE63019-1603-4626-8B36-775DF2B3DB60}"
EndProject
Project("{8BC9CEB8-8B4A-11D0-8D11-00A0C91BC942}") = "Client", "Client\Client.vcxproj", "{F99B3E2F-6BEE-4202-A781-B999C71C9497}"
EndProject
Global
	GlobalSection(SolutionConfigurationPlatforms) = preSolution
		Debug|x64 = Debug|x64
		Debug|x86 = Debug|x86
		Release|x64 = Release|x64
		Release|x86 = Release|x86
	EndGlobalSection
	GlobalSection(ProjectConfigurationPlatforms) = postSolution
		{FAE63019-1603-4626-8B36-775DF2B3DB60}.Debug|x64.ActiveCfg = Debug|x64
		{FAE63019-1603-4626-8B36-775DF2B3DB60}.Debug|x64.Build.0 = Debug|x64
		{FAE63019-1603-4626-8B36-775DF2B3DB60}.Debug|x86.ActiveCfg = Debug|Win32
		{FAE63019-1603-4626-8B36-775DF2B3DB60}.Debug|x86.Build.0 = Debug|Win32
		{FAE63019-1603-4626-8B36-775DF2B3DB60}.Release|x64.ActiveCfg = Release|x64
		{FAE63019-1603-4626-8B36-775DF2B3DB60}.Release|x64.Build.0 = Release|x64
		{FAE63019-1603-4626-8B36-775DF2B3DB60}.Release|x86.ActiveCfg = Release|Win32
		{FAE63019-1603-4626-8B36-775DF2B3DB60}.Release|x86.Build.0 = Release|Win32
		{F99B3E2F-6BEE-4202-A781-B999C71C9497}.Debug|x64.ActiveCfg = Debug|x64
		{F99B3E2F-6BEE-4202-A781-B999C71C9497}.Debug|x64.Build.0 = Debug|x64
		{F99B3E2F-6BEE-4202-A781-B999C71C9497}.Debug|x86.ActiveCfg = Debug|Win32
		{F99B3E2F-6BEE-4202-A781-B999C71C9497}.Debug|x86.Build.0 = Debug|Win32
		{F99B3E2F-6BEE-4202-A781-B999C71C9497}.Release|x64.ActiveCfg = Release|x64
		{F99B3E2F-6BEE-4202-A781-B999C71C9497}.Release|x64.Build.0 = Release|x64
		{F99B3E2F-6BEE-4202-A781-B999C71C9497}.Release|x86.ActiveCfg = Release|Win32
		{F99B3E2F-6BEE-4202-A781-B999C71C9497}.Release|x86.Build.0 = Release|Win32
	EndGlobalSection
	GlobalSection(SolutionProperties) = preSolution
		HideSolutionNode = FALSE
	EndGlobalSection
	GlobalSection(ExtensibilityGlobals) = postSolution
		SolutionGuid = {AA0502ED-D4ED-4DF3-9692-0993E73C087E}
	EndGlobalSection
EndGlobal
